
Microsoft Visual Studio Solution File, Format Version 12.00
# Visual Studio Version 16
VisualStudioVersion = 16.0.30320.27
MinimumVisualStudioVersion = 10.0.40219.1
Project("{9A19103F-16F7-4668-BE54-9A1E7A4F7556}") = "Rhino.Agent", "Rhino.Agent\Rhino.Agent.csproj", "{3411CC80-3736-4A4F-8C2F-96F8F21FF49A}"
EndProject
Project("{2150E333-8FDC-42A3-9474-1A3956D46DE8}") = "Build", "Build", "{C5F276F3-7431-4018-8A38-179C8CA4B100}"
	ProjectSection(SolutionItems) = preProject
		..\..\..\build\azure_pipelines.yaml = ..\..\..\build\azure_pipelines.yaml
	EndProjectSection
EndProject
Project("{2150E333-8FDC-42A3-9474-1A3956D46DE8}") = "Documents", "Documents", "{3712E923-66B8-4982-9BE2-045E1B95C598}"
	ProjectSection(SolutionItems) = preProject
		..\..\..\docs\pages\Home.md = ..\..\..\docs\pages\Home.md
		..\..\..\README.md = ..\..\..\README.md
	EndProjectSection
EndProject
Project("{2150E333-8FDC-42A3-9474-1A3956D46DE8}") = "ApiReference", "ApiReference", "{0E8FAD52-5AFA-4983-8F0A-9E772FA845D9}"
	ProjectSection(SolutionItems) = preProject
		..\..\..\docs\pages\ApiReference\Configurations.md = ..\..\..\docs\pages\ApiReference\Configurations.md
		..\..\..\docs\pages\ApiReference\Debug.md = ..\..\..\docs\pages\ApiReference\Debug.md
		..\..\..\docs\pages\ApiReference\Logs.md = ..\..\..\docs\pages\ApiReference\Logs.md
		..\..\..\docs\pages\ApiReference\Models.md = ..\..\..\docs\pages\ApiReference\Models.md
		..\..\..\docs\pages\ApiReference\Plugins.md = ..\..\..\docs\pages\ApiReference\Plugins.md
		..\..\..\docs\pages\ApiReference\Rhino.md = ..\..\..\docs\pages\ApiReference\Rhino.md
		..\..\..\docs\pages\ApiReference\TestCases.md = ..\..\..\docs\pages\ApiReference\TestCases.md
	EndProjectSection
EndProject
Project("{2150E333-8FDC-42A3-9474-1A3956D46DE8}") = "GettingsStarted", "GettingsStarted", "{93EE5C18-B0DA-4D71-B345-FC7B44BC3D79}"
	ProjectSection(SolutionItems) = preProject
		..\..\..\docs\pages\GettingStarted\ConnectWidget.md = ..\..\..\docs\pages\GettingStarted\ConnectWidget.md
		..\..\..\docs\pages\GettingStarted\Deployment.md = ..\..\..\docs\pages\GettingStarted\Deployment.md
		..\..\..\docs\pages\GettingStarted\Register.md = ..\..\..\docs\pages\GettingStarted\Register.md
		..\..\..\docs\pages\GettingStarted\ServerSettings.md = ..\..\..\docs\pages\GettingStarted\ServerSettings.md
		..\..\..\docs\pages\GettingStarted\VerifyDeployment.md = ..\..\..\docs\pages\GettingStarted\VerifyDeployment.md
		..\..\..\docs\pages\GettingStarted\WidgetOverview.md = ..\..\..\docs\pages\GettingStarted\WidgetOverview.md
	EndProjectSection
EndProject
Global
	GlobalSection(SolutionConfigurationPlatforms) = preSolution
		Debug|Any CPU = Debug|Any CPU
		Release|Any CPU = Release|Any CPU
	EndGlobalSection
	GlobalSection(ProjectConfigurationPlatforms) = postSolution
		{3411CC80-3736-4A4F-8C2F-96F8F21FF49A}.Debug|Any CPU.ActiveCfg = Debug|Any CPU
		{3411CC80-3736-4A4F-8C2F-96F8F21FF49A}.Debug|Any CPU.Build.0 = Debug|Any CPU
		{3411CC80-3736-4A4F-8C2F-96F8F21FF49A}.Release|Any CPU.ActiveCfg = Release|Any CPU
		{3411CC80-3736-4A4F-8C2F-96F8F21FF49A}.Release|Any CPU.Build.0 = Release|Any CPU
	EndGlobalSection
	GlobalSection(SolutionProperties) = preSolution
		HideSolutionNode = FALSE
	EndGlobalSection
	GlobalSection(NestedProjects) = preSolution
		{0E8FAD52-5AFA-4983-8F0A-9E772FA845D9} = {3712E923-66B8-4982-9BE2-045E1B95C598}
		{93EE5C18-B0DA-4D71-B345-FC7B44BC3D79} = {3712E923-66B8-4982-9BE2-045E1B95C598}
	EndGlobalSection
	GlobalSection(ExtensibilityGlobals) = postSolution
		SolutionGuid = {A97237FA-2877-4119-AE16-96138FD97CFC}
	EndGlobalSection
EndGlobal
